github.com/davecgh/go-spew v1.1.0 h1:ZDRjVQ15GmhC3fiQ8ni8+OwkZQO4DARzQgrnXU1Liz8=
github.com/fsnotify/fsnotify v1.6.0 h1:n+5WquG0fcWoWp6xPWfHdbskMCQaFnG6PfBrh1Ky4HY=
github.com/fsnotify/fsnotify v1.6.0/go.mod h1:sl3t1tCWJFWoRz9R8WJCbQihKKwmorjAbSClcnxKAGw=
github.com/golang/glog v1.1.0 h1:/d3pCKDPWNnvIWe0vVUpNP32qc8U3PDVxySP/y360qE=
github.com/golang/glog v1.1.0/go.mod h1:pfYeQZ3JWZoXTV5sFc986z3HTpwQs9At6P4ImfuP3NQ=
github.com/google/go-cmp v0.5.9 h1:O2Tfq5qg4qc4AmwVlvv0oLiVAGB7enBSJ2x2DqQFi38=
github.com/hashicorp/golang-lru/v2 v2.0.2 h1:Dwmkdr5Nc/oBiXgJS3CDHNhJtIHkuZ3DZF5twqnfBdU=
github.com/hashicorp/golang-lru/v2 v2.0.2/go.mod h1:QeFd9opnmA6QUJc5vARoKUSoFhyfM2/ZepoAG6RGpeM=
github.com/insomniacslk/dhcp v0.0.0-20230307103557-e252950ab961 h1:x/YtdDlmypenG1te/FfH6LVM+3krhXk5CFV8VYNNX5M=
github.com/insomniacslk/dhcp v0.0.0-20230307103557-e252950ab961/go.mod h1:IKrnDWs3/Mqq5n0lI+RxA2sB7MvN/vbMBP3ehXg65UI=
github.com/josharian/native v1.0.1-0.20221213033349-c1e37c09b531/go.mod h1:7X/raswPFr05uY3HiLlYeyQntB6OO7E/d2Cu7qoaN2w=
github.com/josharian/native v1.1.0 h1:uuaP0hAbW7Y4l0ZRQ6C9zfb7Mg1mbFKry/xzDAfmtLA=
github.com/josharian/native v1.1.0/go.mod h1:7X/raswPFr05uY3HiLlYeyQntB6OO7E/d2Cu7qoaN2w=
github.com/pierrec/lz4/v4 v4.1.14 h1:+fL8AQEZtz/ijeNnpduH0bROTu0O3NZAlPjQxGn8LwE=
github.com/pierrec/lz4/v4 v4.1.14/go.mod h1:gZWDp/Ze/IJXGXf23ltt2EXimqmTUXEy0GFuRQyBid4=
github.com/pmezard/go-difflib v1.0.0 h1:4DBwDE0NGyQoBHbLQYPwSUPoCMWR5BEzIk/f1lZbAQM=
github.com/stretchr/objx v0.1.0 h1:4G4v2dO3VZwixGIRoQ5Lfboy6nUhCyYzaqnIAPPhYs4=
github.com/stretchr/testify v1.6.1 h1:hDPOHmpOpP40lSULcqw7IrRb/u7w6RpDC9399XyoNd0=
github.com/u-root/uio v0.0.0-20230220225925-ffce2a382923 h1:tHNk7XK9GkmKUR6Gh8gVBKXc2MVSZ4G/NnWLtzw4gNA=
github.com/u-root/uio v0.0.0-20230220225925-ffce2a382923/go.mod h1:eLL9Nub3yfAho7qB0MzZizFhTU2QkLeoVsWdHtDW264=
golang.org/x/sys v0.0.0-20220622161953-175b2fd9d664/go.mod h1:oPkhp1MJrh7nUepCBck5+mAzfO9JrbApNNgaTdGDITg=
golang.org/x/sys v0.0.0-20220908164124-27713097b956/go.mod h1:oPkhp1MJrh7nUepCBck5+mAzfO9JrbApNNgaTdGDITg=
golang.org/x/sys v0.5.0 h1:MUK/U/4lj1t1oPg0HfuXDN/Z1wv31ZJ/YcPiGccS4DU=
golang.org/x/sys v0.5.0/go.mod h1:oPkhp1MJrh7nUepCBck5+mAzfO9JrbApNNgaTdGDITg=
golang.org/x/time v0.3.0 h1:rg5rLMjNzMS1RkNLzCG38eapWhnYLFYXDXj2gOlr8j4=
golang.org/x/time v0.3.0/go.mod h1:tRJNPiyCQ0inRvYxbN9jk5I+vvW/OXSQhTDSoE431IQ=
gopkg.in/yaml.v3 v3.0.0-20200313102051-9f266ea9e77c h1:dUUwHk2QECo/6vqA44rthZ8ie2QXMNeKRTHCNY2nXvo=
